
Microsoft Visual Studio Solution File, Format Version 12.00
# Visual Studio Version 17
VisualStudioVersion = 17.8.34525.116
MinimumVisualStudioVersion = 10.0.40219.1
Project("{FAE04EC0-301F-11D3-BF4B-00C04F79EFBC}") = "#task_Practice", "#task_Practice\#task_Practice.csproj", "{6A313D89-B30D-4B14-9C82-90FA248FB702}"
EndProject
Global
	GlobalSection(SolutionConfigurationPlatforms) = preSolution
		Debug|Any CPU = Debug|Any CPU
		Release|Any CPU = Release|Any CPU
	EndGlobalSection
	GlobalSection(ProjectConfigurationPlatforms) = postSolution
		{6A313D89-B30D-4B14-9C82-90FA248FB702}.Debug|Any CPU.ActiveCfg = Debug|Any CPU
		{6A313D89-B30D-4B14-9C82-90FA248FB702}.Debug|Any CPU.Build.0 = Debug|Any CPU
		{6A313D89-B30D-4B14-9C82-90FA248FB702}.Release|Any CPU.ActiveCfg = Release|Any CPU
		{6A313D89-B30D-4B14-9C82-90FA248FB702}.Release|Any CPU.Build.0 = Release|Any CPU
	EndGlobalSection
	GlobalSection(SolutionProperties) = preSolution
		HideSolutionNode = FALSE
	EndGlobalSection
	GlobalSection(ExtensibilityGlobals) = postSolution
		SolutionGuid = {ABE93C9C-3C74-4B78-A645-1A4284024AD0}
	EndGlobalSection
EndGlobal
